<?xml version="1.0" encoding="utf-8"?>
<Project ToolsVersion="4.0" xmlns="http://schemas.microsoft.com/developer/msbuild/2003">
  <ItemGroup>
    <ClCompile Include="Tests.cpp" />
    <ClCompile Include="stdafx.cpp" />
    <ClCompile Include="DocumentTests.cpp" />
    <ClCompile Include="HistoryTests.cpp" />
    <ClCompile Include="ParagraphTests.cpp" />
    <ClCompile Include="ImageTests.cpp" />
    <ClCompile Include="main.cpp" />
    <ClCompile Include="..\Editor.cpp">
      <Filter>TestClasses</Filter>
    </ClCompile>
    <ClCompile Include="..\GlobalFunctions.cpp">
      <Filter>TestClasses</Filter>
    </ClCompile>
    <ClCompile Include="..\Document\Document.cpp">
      <Filter>TestClasses\Document</Filter>
    </ClCompile>
    <ClCompile Include="..\Document\HtmlConverter.cpp">
      <Filter>TestClasses\Document</Filter>
    </ClCompile>
    <ClCompile Include="..\Document\TextureStorage.cpp">
      <Filter>TestClasses\Document</Filter>
    </ClCompile>
    <ClCompile Include="..\Document\DocumentItems\ConstDocumentItem.cpp">
      <Filter>TestClasses\Document\DocumentItems</Filter>
    </ClCompile>
    <ClCompile Include="..\Document\DocumentItems\DocumentItem.cpp">
      <Filter>TestClasses\Document\DocumentItems</Filter>
    </ClCompile>
    <ClCompile Include="..\Document\DocumentItems\Image.cpp">
      <Filter>TestClasses\Document\DocumentItems</Filter>
    </ClCompile>
    <ClCompile Include="..\Document\DocumentItems\Menu.cpp">
      <Filter>TestClasses\Document\DocumentItems</Filter>
    </ClCompile>
    <ClCompile Include="..\Document\DocumentItems\Paragraph.cpp">
      <Filter>TestClasses\Document\DocumentItems</Filter>
    </ClCompile>
    <ClCompile Include="..\Document\DocumentCommands\ChangeStringCommand.cpp">
      <Filter>TestClasses\Document\DocumentCommands</Filter>
    </ClCompile>
    <ClCompile Include="..\Document\DocumentCommands\DeleteItemCommand.cpp">
      <Filter>TestClasses\Document\DocumentCommands</Filter>
    </ClCompile>
    <ClCompile Include="..\Document\DocumentCommands\InsertItemCommand.cpp">
      <Filter>TestClasses\Document\DocumentCommands</Filter>
    </ClCompile>
    <ClCompile Include="..\Document\DocumentCommands\ResizeImageCommand.cpp">
      <Filter>TestClasses\Document\DocumentCommands</Filter>
    </ClCompile>
    <ClCompile Include="..\Command\AbstractCommand.cpp">
      <Filter>TestClasses\Command</Filter>
    </ClCompile>
    <ClCompile Include="..\Command\History.cpp">
      <Filter>TestClasses\Command</Filter>
    </ClCompile>
    <ClCompile Include="ResizeImageCommandTests.cpp">
      <Filter>CommandTests</Filter>
    </ClCompile>
    <ClCompile Include="ChangeStringCommandTests.cpp">
      <Filter>CommandTests</Filter>
    </ClCompile>
    <ClCompile Include="InsertItemCommandTests.cpp">
      <Filter>CommandTests</Filter>
    </ClCompile>
    <ClCompile Include="DeleteItemCommandTests.cpp">
      <Filter>CommandTests</Filter>
    </ClCompile>
  </ItemGroup>
  <ItemGroup>
    <ClInclude Include="stdafx.h" />
    <ClInclude Include="targetver.h" />
    <ClInclude Include="TestingFunction.h" />
    <ClInclude Include="..\Editor.h">
      <Filter>TestClasses</Filter>
    </ClInclude>
    <ClInclude Include="..\GlobalFunctions.h">
      <Filter>TestClasses</Filter>
    </ClInclude>
    <ClInclude Include="..\Document\Document.h">
      <Filter>TestClasses\Document</Filter>
    </ClInclude>
    <ClInclude Include="..\Document\HtmlConverter.h">
      <Filter>TestClasses\Document</Filter>
    </ClInclude>
    <ClInclude Include="..\Document\IDocument.h">
      <Filter>TestClasses\Document</Filter>
    </ClInclude>
    <ClInclude Include="..\Document\TextureStorage.h">
      <Filter>TestClasses\Document</Filter>
    </ClInclude>
    <ClInclude Include="..\Document\DocumentItems\ConstDocumentItem.h">
      <Filter>TestClasses\Document\DocumentItems</Filter>
    </ClInclude>
    <ClInclude Include="..\Document\DocumentItems\DocumentItem.h">
      <Filter>TestClasses\Document\DocumentItems</Filter>
    </ClInclude>
    <ClInclude Include="..\Document\DocumentItems\DocumentItem_fwd.h">
      <Filter>TestClasses\Document\DocumentItems</Filter>
    </ClInclude>
    <ClInclude Include="..\Document\DocumentItems\IImage.h">
      <Filter>TestClasses\Document\DocumentItems</Filter>
    </ClInclude>
    <ClInclude Include="..\Document\DocumentItems\Image.h">
      <Filter>TestClasses\Document\DocumentItems</Filter>
    </ClInclude>
    <ClInclude Include="..\Document\DocumentItems\IParagraph.h">
      <Filter>TestClasses\Document\DocumentItems</Filter>
    </ClInclude>
    <ClInclude Include="..\Document\DocumentItems\Menu.h">
      <Filter>TestClasses\Document\DocumentItems</Filter>
    </ClInclude>
    <ClInclude Include="..\Document\DocumentItems\Paragraph.h">
      <Filter>TestClasses\Document\DocumentItems</Filter>
    </ClInclude>
    <ClInclude Include="..\Document\DocumentCommands\ChangeStringCommand.h">
      <Filter>TestClasses\Document\DocumentCommands</Filter>
    </ClInclude>
    <ClInclude Include="..\Document\DocumentCommands\DeleteItemCommand.h">
      <Filter>TestClasses\Document\DocumentCommands</Filter>
    </ClInclude>
    <ClInclude Include="..\Document\DocumentCommands\InsertItemCommand.h">
      <Filter>TestClasses\Document\DocumentCommands</Filter>
    </ClInclude>
    <ClInclude Include="..\Document\DocumentCommands\ResizeImageCommand.h">
      <Filter>TestClasses\Document\DocumentCommands</Filter>
    </ClInclude>
    <ClInclude Include="..\Command\AbstractCommand.h">
      <Filter>TestClasses\Command</Filter>
    </ClInclude>
    <ClInclude Include="..\Command\History.h">
      <Filter>TestClasses\Command</Filter>
    </ClInclude>
    <ClInclude Include="..\Command\ICommand.h">
      <Filter>TestClasses\Command</Filter>
    </ClInclude>
    <ClInclude Include="..\Command\IHistory.h">
      <Filter>TestClasses\Command</Filter>
    </ClInclude>
  </ItemGroup>
  <ItemGroup>
    <Text Include="ReadMe.txt" />
  </ItemGroup>
  <ItemGroup>
    <Filter Include="TestClasses">
      <UniqueIdentifier>{6eed06c5-48ff-4416-9a1c-f0319a0f8c62}</UniqueIdentifier>
    </Filter>
    <Filter Include="TestClasses\Document">
      <UniqueIdentifier>{0100a667-32c9-4ffe-8750-f88b06416fc0}</UniqueIdentifier>
    </Filter>
    <Filter Include="TestClasses\Document\DocumentCommands">
      <UniqueIdentifier>{4c9a7fcf-1411-4d55-a680-7eff3a9e7b76}</UniqueIdentifier>
    </Filter>
    <Filter Include="TestClasses\Document\DocumentItems">
      <UniqueIdentifier>{edf029fa-7e8a-4a3e-9a3a-0f57989e251f}</UniqueIdentifier>
    </Filter>
    <Filter Include="TestClasses\Command">
      <UniqueIdentifier>{3aa84c5b-e021-4c0d-a555-1b4d5efaa503}</UniqueIdentifier>
    </Filter>
    <Filter Include="CommandTests">
      <UniqueIdentifier>{3a8b62b2-1c33-4a0c-8eec-68b6c745ca6b}</UniqueIdentifier>
    </Filter>
  </ItemGroup>
</Project>