<?xml version="1.0" encoding="utf-8"?>
<Project ToolsVersion="4.0" xmlns="http://schemas.microsoft.com/developer/msbuild/2003">
  <ItemGroup>
    <Filter Include="Source Files">
      <UniqueIdentifier>{4FC737F1-C7A5-4376-A066-2A32D752A2FF}</UniqueIdentifier>
      <Extensions>cpp;c;cc;cxx;def;odl;idl;hpj;bat;asm;asmx</Extensions>
    </Filter>
    <Filter Include="Header Files">
      <UniqueIdentifier>{93995380-89BD-4b04-88EB-625FBE52EBFB}</UniqueIdentifier>
      <Extensions>h;hh;hpp;hxx;hm;inl;inc;xsd</Extensions>
    </Filter>
    <Filter Include="Resource Files">
      <UniqueIdentifier>{67DA6AB6-F800-4c08-8B7A-83BB121AAD01}</UniqueIdentifier>
      <Extensions>rc;ico;cur;bmp;dlg;rc2;rct;bin;rgs;gif;jpg;jpeg;jpe;resx;tiff;tif;png;wav;mfcribbon-ms</Extensions>
    </Filter>
    <Filter Include="Shapes">
      <UniqueIdentifier>{3a3573b7-e948-4acf-b7d6-8e9414631f90}</UniqueIdentifier>
    </Filter>
    <Filter Include="ShapeReader">
      <UniqueIdentifier>{d216874c-a708-45c9-ab12-714f337e63e5}</UniqueIdentifier>
    </Filter>
    <Filter Include="Source Files\Painter">
      <UniqueIdentifier>{d8c4b8a8-2b4e-4b2e-89cd-60751726042d}</UniqueIdentifier>
    </Filter>
  </ItemGroup>
  <ItemGroup>
    <ClCompile Include="main.cpp">
      <Filter>Source Files</Filter>
    </ClCompile>
    <ClCompile Include="Shapes\Circle.cpp">
      <Filter>Shapes</Filter>
    </ClCompile>
    <ClCompile Include="Shapes\IShape.cpp">
      <Filter>Shapes</Filter>
    </ClCompile>
    <ClCompile Include="Shapes\Triangle.cpp">
      <Filter>Shapes</Filter>
    </ClCompile>
    <ClCompile Include="Shapes\CShape.cpp">
      <Filter>Shapes</Filter>
    </ClCompile>
    <ClCompile Include="ShapeReader.cpp">
      <Filter>ShapeReader</Filter>
    </ClCompile>
    <ClCompile Include="Application.cpp">
      <Filter>Source Files</Filter>
    </ClCompile>
    <ClCompile Include="Painter\Painter.cpp">
      <Filter>Source Files\Painter</Filter>
    </ClCompile>
    <ClCompile Include="SFMLFactory.cpp">
      <Filter>Source Files</Filter>
    </ClCompile>
    <ClCompile Include="Shapes\Rectangle.cpp">
      <Filter>Shapes</Filter>
    </ClCompile>
    <ClCompile Include="stdafx.cpp">
      <Filter>Header Files</Filter>
    </ClCompile>
    <ClCompile Include="Shapes\ShapeFactory.cpp">
      <Filter>Source Files</Filter>
    </ClCompile>
  </ItemGroup>
  <ItemGroup>
    <ClInclude Include="main.h">
      <Filter>Header Files</Filter>
    </ClInclude>
    <ClInclude Include="Shapes\Circle.h">
      <Filter>Shapes</Filter>
    </ClInclude>
    <ClInclude Include="Shapes\IShape.h">
      <Filter>Shapes</Filter>
    </ClInclude>
    <ClInclude Include="Shapes\Rectangle.h">
      <Filter>Shapes</Filter>
    </ClInclude>
    <ClInclude Include="Shapes\Triangle.h">
      <Filter>Shapes</Filter>
    </ClInclude>
    <ClInclude Include="Shapes\CShape.h">
      <Filter>Shapes</Filter>
    </ClInclude>
    <ClInclude Include="ShapeReader.h">
      <Filter>ShapeReader</Filter>
    </ClInclude>
    <ClInclude Include="Shapes\Shapes.h">
      <Filter>Shapes</Filter>
    </ClInclude>
    <ClInclude Include="Application.h">
      <Filter>Source Files</Filter>
    </ClInclude>
    <ClInclude Include="Painter\Painter.h">
      <Filter>Source Files\Painter</Filter>
    </ClInclude>
    <ClInclude Include="SFMLFactory.h">
      <Filter>Source Files</Filter>
    </ClInclude>
    <ClInclude Include="PictureDraft.h">
      <Filter>Source Files</Filter>
    </ClInclude>
    <ClInclude Include="stdafx.h">
      <Filter>Header Files</Filter>
    </ClInclude>
    <ClInclude Include="Shapes\ShapeFactory.h">
      <Filter>Shapes</Filter>
    </ClInclude>
    <ClInclude Include="Shapes\IShapeVisitor.h">
      <Filter>Shapes</Filter>
    </ClInclude>
  </ItemGroup>
</Project>